PODS:
  - Capacitor (5.7.4):
    - CapacitorCordova
  - CapacitorActionSheet (5.0.7):
    - Capacitor
  - CapacitorCordova (5.7.4)
  - CapacitorDevice (5.0.7):
    - Capacitor
  - CapacitorToast (5.0.7):
    - Capacitor

DEPENDENCIES:
  - "Capacitor (from `../../node_modules/@capacitor/ios`)"
  - "CapacitorActionSheet (from `../../node_modules/@capacitor/action-sheet`)"
  - "CapacitorCordova (from `../../node_modules/@capacitor/ios`)"
  - "CapacitorDevice (from `../../node_modules/@capacitor/device`)"
  - "CapacitorToast (from `../../node_modules/@capacitor/toast`)"

EXTERNAL SOURCES:
  Capacitor:
    :path: "../../node_modules/@capacitor/ios"
  CapacitorActionSheet:
    :path: "../../node_modules/@capacitor/action-sheet"
  CapacitorCordova:
    :path: "../../node_modules/@capacitor/ios"
  CapacitorDevice:
    :path: "../../node_modules/@capacitor/device"
  CapacitorToast:
    :path: "../../node_modules/@capacitor/toast"

SPEC CHECKSUMS:
  Capacitor: 4fe9adf012caceb4c71ffea2f1f4d005cdcbeea7
  CapacitorActionSheet: 8096e5cb8a3dfa89b03a40a62ea4836111263cb4
  CapacitorCordova: a6e87fccc0307dee7aec1560ec9398485f2b0ce7
  CapacitorDevice: fc91bdb484dc0e70755e9b621cd557afe642613a
  CapacitorToast: c8bb89eeb59a23c1fc298f138cc06c8ff4d90ac1

PODFILE CHECKSUM: 1562290e3393a1c39116cbec535b9be7b4e5e835

COCOAPODS: 1.15.2
